{
  "requires": true,
  "lockfileVersion": 1,
  "dependencies": {
    "gatsby-plugin-gtag": {
      "version": "1.0.13",
      "resolved": "https://registry.npmjs.org/gatsby-plugin-gtag/-/gatsby-plugin-gtag-1.0.13.tgz",
      "integrity": "sha512-Oul6O67klajrEjkkF1diD228SmyUWsAwTq/1tYq41vBwmyNiPk4dhk8K93rrNQ5d5zesSv+awBeGBa503tQqGw=="
    }
  }
}
